// !$*UTF8*$!
{
	archiveVersion = 1;
	classes = {
	};
	objectVersion = 55;
	objects = {

/* Begin PBXBuildFile section */
		0E268ACF285B76B4007FA970 /* CartObject.swift in Sources */ = {isa = PBXBuildFile; fileRef = 0E268ACE285B76B4007FA970 /* CartObject.swift */; };
		0E268AD1285CE606007FA970 /* CheckoutObjectView.swift in Sources */ = {isa = PBXBuildFile; fileRef = 0E268AD0285CE606007FA970 /* CheckoutObjectView.swift */; };
		0E29D69F2843DBC500519E03 /* DailyScrum.swift in Sources */ = {isa = PBXBuildFile; fileRef = 0E29D69E2843DBC500519E03 /* DailyScrum.swift */; };
		0E29D6A12843DCE000519E03 /* CardView.swift in Sources */ = {isa = PBXBuildFile; fileRef = 0E29D6A02843DCE000519E03 /* CardView.swift */; };
		0E29D6A32843DF7700519E03 /* ScrumsView.swift in Sources */ = {isa = PBXBuildFile; fileRef = 0E29D6A22843DF7700519E03 /* ScrumsView.swift */; };
		0E29D6A52846762A00519E03 /* DetailView.swift in Sources */ = {isa = PBXBuildFile; fileRef = 0E29D6A42846762A00519E03 /* DetailView.swift */; };
		0E2E482228410C40003DC5E9 /* SelfCheckoutApp.swift in Sources */ = {isa = PBXBuildFile; fileRef = 0E2E482128410C40003DC5E9 /* SelfCheckoutApp.swift */; };
		0E2E482628410C40003DC5E9 /* Assets.xcassets in Resources */ = {isa = PBXBuildFile; fileRef = 0E2E482528410C40003DC5E9 /* Assets.xcassets */; };
		0E2E482928410C40003DC5E9 /* Preview Assets.xcassets in Resources */ = {isa = PBXBuildFile; fileRef = 0E2E482828410C40003DC5E9 /* Preview Assets.xcassets */; };
		0E2E483328410C40003DC5E9 /* SelfCheckoutTests.swift in Sources */ = {isa = PBXBuildFile; fileRef = 0E2E483228410C40003DC5E9 /* SelfCheckoutTests.swift */; };
		0E2E483D28410C40003DC5E9 /* SelfCheckoutUITests.swift in Sources */ = {isa = PBXBuildFile; fileRef = 0E2E483C28410C40003DC5E9 /* SelfCheckoutUITests.swift */; };
		0E2E483F28410C40003DC5E9 /* SelfCheckoutUITestsLaunchTests.swift in Sources */ = {isa = PBXBuildFile; fileRef = 0E2E483E28410C40003DC5E9 /* SelfCheckoutUITestsLaunchTests.swift */; };
		0E2E484D2842F5C4003DC5E9 /* SquarePointOfSaleSDK in Frameworks */ = {isa = PBXBuildFile; productRef = 0E2E484C2842F5C4003DC5E9 /* SquarePointOfSaleSDK */; };
		0EB206F228529961004EE9E9 /* CheckoutClass.swift in Sources */ = {isa = PBXBuildFile; fileRef = 0EB206F128529961004EE9E9 /* CheckoutClass.swift */; };
		0EB206F42856608F004EE9E9 /* ProductTypeView.swift in Sources */ = {isa = PBXBuildFile; fileRef = 0EB206F32856608F004EE9E9 /* ProductTypeView.swift */; };
		0EB206F62856614E004EE9E9 /* ProductType.swift in Sources */ = {isa = PBXBuildFile; fileRef = 0EB206F52856614E004EE9E9 /* ProductType.swift */; };
		0EC6089F2847D53E00E16B3E /* CheckoutView.swift in Sources */ = {isa = PBXBuildFile; fileRef = 0EC6089E2847D53E00E16B3E /* CheckoutView.swift */; };
		0EF88FF5285E6E910042D579 /* AdminView.swift in Sources */ = {isa = PBXBuildFile; fileRef = 0EF88FF4285E6E910042D579 /* AdminView.swift */; };
		0EF88FF7285FA1630042D579 /* ChoiceView.swift in Sources */ = {isa = PBXBuildFile; fileRef = 0EF88FF6285FA1630042D579 /* ChoiceView.swift */; };
		0EF88FF9285FBA8C0042D579 /* ProductData.swift in Sources */ = {isa = PBXBuildFile; fileRef = 0EF88FF8285FBA8C0042D579 /* ProductData.swift */; };
/* End PBXBuildFile section */

/* Begin PBXContainerItemProxy section */
		0E2E482F28410C40003DC5E9 /* PBXContainerItemProxy */ = {
			isa = PBXContainerItemProxy;
			containerPortal = 0E2E481628410C3F003DC5E9 /* Project object */;
			proxyType = 1;
			remoteGlobalIDString = 0E2E481D28410C40003DC5E9;
			remoteInfo = SelfCheckout;
		};
		0E2E483928410C40003DC5E9 /* PBXContainerItemProxy */ = {
			isa = PBXContainerItemProxy;
			containerPortal = 0E2E481628410C3F003DC5E9 /* Project object */;
			proxyType = 1;
			remoteGlobalIDString = 0E2E481D28410C40003DC5E9;
			remoteInfo = SelfCheckout;
		};
/* End PBXContainerItemProxy section */

/* Begin PBXFileReference section */
		0E268ACE285B76B4007FA970 /* CartObject.swift */ = {isa = PBXFileReference; lastKnownFileType = sourcecode.swift; path = CartObject.swift; sourceTree = "<group>"; };
		0E268AD0285CE606007FA970 /* CheckoutObjectView.swift */ = {isa = PBXFileReference; lastKnownFileType = sourcecode.swift; path = CheckoutObjectView.swift; sourceTree = "<group>"; };
		0E29D69E2843DBC500519E03 /* DailyScrum.swift */ = {isa = PBXFileReference; lastKnownFileType = sourcecode.swift; path = DailyScrum.swift; sourceTree = "<group>"; };
		0E29D6A02843DCE000519E03 /* CardView.swift */ = {isa = PBXFileReference; lastKnownFileType = sourcecode.swift; path = CardView.swift; sourceTree = "<group>"; };
		0E29D6A22843DF7700519E03 /* ScrumsView.swift */ = {isa = PBXFileReference; lastKnownFileType = sourcecode.swift; path = ScrumsView.swift; sourceTree = "<group>"; };
		0E29D6A42846762A00519E03 /* DetailView.swift */ = {isa = PBXFileReference; lastKnownFileType = sourcecode.swift; path = DetailView.swift; sourceTree = "<group>"; };
		0E2E481E28410C40003DC5E9 /* SelfCheckout.app */ = {isa = PBXFileReference; explicitFileType = wrapper.application; includeInIndex = 0; path = SelfCheckout.app; sourceTree = BUILT_PRODUCTS_DIR; };
		0E2E482128410C40003DC5E9 /* SelfCheckoutApp.swift */ = {isa = PBXFileReference; lastKnownFileType = sourcecode.swift; path = SelfCheckoutApp.swift; sourceTree = "<group>"; };
		0E2E482528410C40003DC5E9 /* Assets.xcassets */ = {isa = PBXFileReference; lastKnownFileType = folder.assetcatalog; path = Assets.xcassets; sourceTree = "<group>"; };
		0E2E482828410C40003DC5E9 /* Preview Assets.xcassets */ = {isa = PBXFileReference; lastKnownFileType = folder.assetcatalog; path = "Preview Assets.xcassets"; sourceTree = "<group>"; };
		0E2E482E28410C40003DC5E9 /* SelfCheckoutTests.xctest */ = {isa = PBXFileReference; explicitFileType = wrapper.cfbundle; includeInIndex = 0; path = SelfCheckoutTests.xctest; sourceTree = BUILT_PRODUCTS_DIR; };
		0E2E483228410C40003DC5E9 /* SelfCheckoutTests.swift */ = {isa = PBXFileReference; lastKnownFileType = sourcecode.swift; path = SelfCheckoutTests.swift; sourceTree = "<group>"; };
		0E2E483828410C40003DC5E9 /* SelfCheckoutUITests.xctest */ = {isa = PBXFileReference; explicitFileType = wrapper.cfbundle; includeInIndex = 0; path = SelfCheckoutUITests.xctest; sourceTree = BUILT_PRODUCTS_DIR; };
		0E2E483C28410C40003DC5E9 /* SelfCheckoutUITests.swift */ = {isa = PBXFileReference; lastKnownFileType = sourcecode.swift; path = SelfCheckoutUITests.swift; sourceTree = "<group>"; };
		0E2E483E28410C40003DC5E9 /* SelfCheckoutUITestsLaunchTests.swift */ = {isa = PBXFileReference; lastKnownFileType = sourcecode.swift; path = SelfCheckoutUITestsLaunchTests.swift; sourceTree = "<group>"; };
		0E2E484E2842F778003DC5E9 /* Info.plist */ = {isa = PBXFileReference; lastKnownFileType = text.plist; path = Info.plist; sourceTree = "<group>"; };
		0EB206F128529961004EE9E9 /* CheckoutClass.swift */ = {isa = PBXFileReference; lastKnownFileType = sourcecode.swift; path = CheckoutClass.swift; sourceTree = "<group>"; };
		0EB206F32856608F004EE9E9 /* ProductTypeView.swift */ = {isa = PBXFileReference; lastKnownFileType = sourcecode.swift; path = ProductTypeView.swift; sourceTree = "<group>"; };
		0EB206F52856614E004EE9E9 /* ProductType.swift */ = {isa = PBXFileReference; lastKnownFileType = sourcecode.swift; path = ProductType.swift; sourceTree = "<group>"; };
		0EC6089E2847D53E00E16B3E /* CheckoutView.swift */ = {isa = PBXFileReference; lastKnownFileType = sourcecode.swift; path = CheckoutView.swift; sourceTree = "<group>"; };
		0EF88FF4285E6E910042D579 /* AdminView.swift */ = {isa = PBXFileReference; lastKnownFileType = sourcecode.swift; path = AdminView.swift; sourceTree = "<group>"; };
		0EF88FF6285FA1630042D579 /* ChoiceView.swift */ = {isa = PBXFileReference; lastKnownFileType = sourcecode.swift; path = ChoiceView.swift; sourceTree = "<group>"; };
		0EF88FF8285FBA8C0042D579 /* ProductData.swift */ = {isa = PBXFileReference; lastKnownFileType = sourcecode.swift; path = ProductData.swift; sourceTree = "<group>"; };
/* End PBXFileReference section */

/* Begin PBXFrameworksBuildPhase section */
		0E2E481B28410C40003DC5E9 /* Frameworks */ = {
			isa = PBXFrameworksBuildPhase;
			buildActionMask = 2147483647;
			files = (
				0E2E484D2842F5C4003DC5E9 /* SquarePointOfSaleSDK in Frameworks */,
			);
			runOnlyForDeploymentPostprocessing = 0;
		};
		0E2E482B28410C40003DC5E9 /* Frameworks */ = {
			isa = PBXFrameworksBuildPhase;
			buildActionMask = 2147483647;
			files = (
			);
			runOnlyForDeploymentPostprocessing = 0;
		};
		0E2E483528410C40003DC5E9 /* Frameworks */ = {
			isa = PBXFrameworksBuildPhase;
			buildActionMask = 2147483647;
			files = (
			);
			runOnlyForDeploymentPostprocessing = 0;
		};
/* End PBXFrameworksBuildPhase section */

/* Begin PBXGroup section */
		0E29D69D2843DBA900519E03 /* Models */ = {
			isa = PBXGroup;
			children = (
				0E29D69E2843DBC500519E03 /* DailyScrum.swift */,
				0EB206F52856614E004EE9E9 /* ProductType.swift */,
				0EB206F128529961004EE9E9 /* CheckoutClass.swift */,
				0E268ACE285B76B4007FA970 /* CartObject.swift */,
				0EF88FF8285FBA8C0042D579 /* ProductData.swift */,
			);
			path = Models;
			sourceTree = "<group>";
		};
		0E2E481528410C3F003DC5E9 = {
			isa = PBXGroup;
			children = (
				0E2E482028410C40003DC5E9 /* SelfCheckout */,
				0E2E483128410C40003DC5E9 /* SelfCheckoutTests */,
				0E2E483B28410C40003DC5E9 /* SelfCheckoutUITests */,
				0E2E481F28410C40003DC5E9 /* Products */,
			);
			sourceTree = "<group>";
		};
		0E2E481F28410C40003DC5E9 /* Products */ = {
			isa = PBXGroup;
			children = (
				0E2E481E28410C40003DC5E9 /* SelfCheckout.app */,
				0E2E482E28410C40003DC5E9 /* SelfCheckoutTests.xctest */,
				0E2E483828410C40003DC5E9 /* SelfCheckoutUITests.xctest */,
			);
			name = Products;
			sourceTree = "<group>";
		};
		0E2E482028410C40003DC5E9 /* SelfCheckout */ = {
			isa = PBXGroup;
			children = (
				0E29D69D2843DBA900519E03 /* Models */,
				0E2E484E2842F778003DC5E9 /* Info.plist */,
				0E2E482128410C40003DC5E9 /* SelfCheckoutApp.swift */,
				0E29D6A02843DCE000519E03 /* CardView.swift */,
				0EC6089E2847D53E00E16B3E /* CheckoutView.swift */,
				0E29D6A22843DF7700519E03 /* ScrumsView.swift */,
				0EF88FF6285FA1630042D579 /* ChoiceView.swift */,
				0EF88FF4285E6E910042D579 /* AdminView.swift */,
				0E29D6A42846762A00519E03 /* DetailView.swift */,
				0E268AD0285CE606007FA970 /* CheckoutObjectView.swift */,
				0EB206F32856608F004EE9E9 /* ProductTypeView.swift */,
				0E2E482528410C40003DC5E9 /* Assets.xcassets */,
				0E2E482728410C40003DC5E9 /* Preview Content */,
			);
			path = SelfCheckout;
			sourceTree = "<group>";
		};
		0E2E482728410C40003DC5E9 /* Preview Content */ = {
			isa = PBXGroup;
			children = (
				0E2E482828410C40003DC5E9 /* Preview Assets.xcassets */,
			);
			path = "Preview Content";
			sourceTree = "<group>";
		};
		0E2E483128410C40003DC5E9 /* SelfCheckoutTests */ = {
			isa = PBXGroup;
			children = (
				0E2E483228410C40003DC5E9 /* SelfCheckoutTests.swift */,
			);
			path = SelfCheckoutTests;
			sourceTree = "<group>";
		};
		0E2E483B28410C40003DC5E9 /* SelfCheckoutUITests */ = {
			isa = PBXGroup;
			children = (
				0E2E483C28410C40003DC5E9 /* SelfCheckoutUITests.swift */,
				0E2E483E28410C40003DC5E9 /* SelfCheckoutUITestsLaunchTests.swift */,
			);
			path = SelfCheckoutUITests;
			sourceTree = "<group>";
		};
/* End PBXGroup section */

/* Begin PBXNativeTarget section */
		0E2E481D28410C40003DC5E9 /* SelfCheckout */ = {
			isa = PBXNativeTarget;
			buildConfigurationList = 0E2E484228410C40003DC5E9 /* Build configuration list for PBXNativeTarget "SelfCheckout" */;
			buildPhases = (
				0E2E481A28410C40003DC5E9 /* Sources */,
				0E2E481B28410C40003DC5E9 /* Frameworks */,
				0E2E481C28410C40003DC5E9 /* Resources */,
			);
			buildRules = (
			);
			dependencies = (
			);
			name = SelfCheckout;
			packageProductDependencies = (
				0E2E484C2842F5C4003DC5E9 /* SquarePointOfSaleSDK */,
			);
			productName = SelfCheckout;
			productReference = 0E2E481E28410C40003DC5E9 /* SelfCheckout.app */;
			productType = "com.apple.product-type.application";
		};
		0E2E482D28410C40003DC5E9 /* SelfCheckoutTests */ = {
			isa = PBXNativeTarget;
			buildConfigurationList = 0E2E484528410C40003DC5E9 /* Build configuration list for PBXNativeTarget "SelfCheckoutTests" */;
			buildPhases = (
				0E2E482A28410C40003DC5E9 /* Sources */,
				0E2E482B28410C40003DC5E9 /* Frameworks */,
				0E2E482C28410C40003DC5E9 /* Resources */,
			);
			buildRules = (
			);
			dependencies = (
				0E2E483028410C40003DC5E9 /* PBXTargetDependency */,
			);
			name = SelfCheckoutTests;
			productName = SelfCheckoutTests;
			productReference = 0E2E482E28410C40003DC5E9 /* SelfCheckoutTests.xctest */;
			productType = "com.apple.product-type.bundle.unit-test";
		};
		0E2E483728410C40003DC5E9 /* SelfCheckoutUITests */ = {
			isa = PBXNativeTarget;
			buildConfigurationList = 0E2E484828410C40003DC5E9 /* Build configuration list for PBXNativeTarget "SelfCheckoutUITests" */;
			buildPhases = (
				0E2E483428410C40003DC5E9 /* Sources */,
				0E2E483528410C40003DC5E9 /* Frameworks */,
				0E2E483628410C40003DC5E9 /* Resources */,
			);
			buildRules = (
			);
			dependencies = (
				0E2E483A28410C40003DC5E9 /* PBXTargetDependency */,
			);
			name = SelfCheckoutUITests;
			productName = SelfCheckoutUITests;
			productReference = 0E2E483828410C40003DC5E9 /* SelfCheckoutUITests.xctest */;
			productType = "com.apple.product-type.bundle.ui-testing";
		};
/* End PBXNativeTarget section */

/* Begin PBXProject section */
		0E2E481628410C3F003DC5E9 /* Project object */ = {
			isa = PBXProject;
			attributes = {
				BuildIndependentTargetsInParallel = 1;
				LastSwiftUpdateCheck = 1340;
				LastUpgradeCheck = 1340;
				TargetAttributes = {
					0E2E481D28410C40003DC5E9 = {
						CreatedOnToolsVersion = 13.4;
					};
					0E2E482D28410C40003DC5E9 = {
						CreatedOnToolsVersion = 13.4;
						TestTargetID = 0E2E481D28410C40003DC5E9;
					};
					0E2E483728410C40003DC5E9 = {
						CreatedOnToolsVersion = 13.4;
						TestTargetID = 0E2E481D28410C40003DC5E9;
					};
				};
			};
			buildConfigurationList = 0E2E481928410C3F003DC5E9 /* Build configuration list for PBXProject "SelfCheckout" */;
			compatibilityVersion = "Xcode 13.0";
			developmentRegion = en;
			hasScannedForEncodings = 0;
			knownRegions = (
				en,
				Base,
			);
			mainGroup = 0E2E481528410C3F003DC5E9;
			packageReferences = (
				0E2E484B2842F5C3003DC5E9 /* XCRemoteSwiftPackageReference "SquarePointOfSaleSDK-iOS" */,
			);
			productRefGroup = 0E2E481F28410C40003DC5E9 /* Products */;
			projectDirPath = "";
			projectRoot = "";
			targets = (
				0E2E481D28410C40003DC5E9 /* SelfCheckout */,
				0E2E482D28410C40003DC5E9 /* SelfCheckoutTests */,
				0E2E483728410C40003DC5E9 /* SelfCheckoutUITests */,
			);
		};
/* End PBXProject section */

/* Begin PBXResourcesBuildPhase section */
		0E2E481C28410C40003DC5E9 /* Resources */ = {
			isa = PBXResourcesBuildPhase;
			buildActionMask = 2147483647;
			files = (
				0E2E482928410C40003DC5E9 /* Preview Assets.xcassets in Resources */,
				0E2E482628410C40003DC5E9 /* Assets.xcassets in Resources */,
			);
			runOnlyForDeploymentPostprocessing = 0;
		};
		0E2E482C28410C40003DC5E9 /* Resources */ = {
			isa = PBXResourcesBuildPhase;
			buildActionMask = 2147483647;
			files = (
			);
			runOnlyForDeploymentPostprocessing = 0;
		};
		0E2E483628410C40003DC5E9 /* Resources */ = {
			isa = PBXResourcesBuildPhase;
			buildActionMask = 2147483647;
			files = (
			);
			runOnlyForDeploymentPostprocessing = 0;
		};
/* End PBXResourcesBuildPhase section */

/* Begin PBXSourcesBuildPhase section */
		0E2E481A28410C40003DC5E9 /* Sources */ = {
			isa = PBXSourcesBuildPhase;
			buildActionMask = 2147483647;
			files = (
				0E29D6A52846762A00519E03 /* DetailView.swift in Sources */,
				0EF88FF9285FBA8C0042D579 /* ProductData.swift in Sources */,
				0E29D69F2843DBC500519E03 /* DailyScrum.swift in Sources */,
				0EF88FF7285FA1630042D579 /* ChoiceView.swift in Sources */,
				0EF88FF5285E6E910042D579 /* AdminView.swift in Sources */,
				0EB206F42856608F004EE9E9 /* ProductTypeView.swift in Sources */,
				0EC6089F2847D53E00E16B3E /* CheckoutView.swift in Sources */,
				0E268ACF285B76B4007FA970 /* CartObject.swift in Sources */,
				0E268AD1285CE606007FA970 /* CheckoutObjectView.swift in Sources */,
				0EB206F62856614E004EE9E9 /* ProductType.swift in Sources */,
				0E29D6A12843DCE000519E03 /* CardView.swift in Sources */,
				0E29D6A32843DF7700519E03 /* ScrumsView.swift in Sources */,
				0E2E482228410C40003DC5E9 /* SelfCheckoutApp.swift in Sources */,
				0EB206F228529961004EE9E9 /* CheckoutClass.swift in Sources */,
			);
			runOnlyForDeploymentPostprocessing = 0;
		};
		0E2E482A28410C40003DC5E9 /* Sources */ = {
			isa = PBXSourcesBuildPhase;
			buildActionMask = 2147483647;
			files = (
				0E2E483328410C40003DC5E9 /* SelfCheckoutTests.swift in Sources */,
			);
			runOnlyForDeploymentPostprocessing = 0;
		};
		0E2E483428410C40003DC5E9 /* Sources */ = {
			isa = PBXSourcesBuildPhase;
			buildActionMask = 2147483647;
			files = (
				0E2E483F28410C40003DC5E9 /* SelfCheckoutUITestsLaunchTests.swift in Sources */,
				0E2E483D28410C40003DC5E9 /* SelfCheckoutUITests.swift in Sources */,
			);
			runOnlyForDeploymentPostprocessing = 0;
		};
/* End PBXSourcesBuildPhase section */

/* Begin PBXTargetDependency section */
		0E2E483028410C40003DC5E9 /* PBXTargetDependency */ = {
			isa = PBXTargetDependency;
			target = 0E2E481D28410C40003DC5E9 /* SelfCheckout */;
			targetProxy = 0E2E482F28410C40003DC5E9 /* PBXContainerItemProxy */;
		};
		0E2E483A28410C40003DC5E9 /* PBXTargetDependency */ = {
			isa = PBXTargetDependency;
			target = 0E2E481D28410C40003DC5E9 /* SelfCheckout */;
			targetProxy = 0E2E483928410C40003DC5E9 /* PBXContainerItemProxy */;
		};
/* End PBXTargetDependency section */

/* Begin XCBuildConfiguration section */
		0E2E484028410C40003DC5E9 /* Debug */ = {
			isa = XCBuildConfiguration;
			buildSettings = {
				ALWAYS_SEARCH_USER_PATHS = NO;
				CLANG_ANALYZER_NONNULL = YES;
				CLANG_ANALYZER_NUMBER_OBJECT_CONVERSION = YES_AGGRESSIVE;
				CLANG_CXX_LANGUAGE_STANDARD = "gnu++17";
				CLANG_ENABLE_MODULES = YES;
				CLANG_ENABLE_OBJC_ARC = YES;
				CLANG_ENABLE_OBJC_WEAK = YES;
				CLANG_WARN_BLOCK_CAPTURE_AUTORELEASING = YES;
				CLANG_WARN_BOOL_CONVERSION = YES;
				CLANG_WARN_COMMA = YES;
				CLANG_WARN_CONSTANT_CONVERSION = YES;
				CLANG_WARN_DEPRECATED_OBJC_IMPLEMENTATIONS = YES;
				CLANG_WARN_DIRECT_OBJC_ISA_USAGE = YES_ERROR;
				CLANG_WARN_DOCUMENTATION_COMMENTS = YES;
				CLANG_WARN_EMPTY_BODY = YES;
				CLANG_WARN_ENUM_CONVERSION = YES;
				CLANG_WARN_INFINITE_RECURSION = YES;
				CLANG_WARN_INT_CONVERSION = YES;
				CLANG_WARN_NON_LITERAL_NULL_CONVERSION = YES;
				CLANG_WARN_OBJC_IMPLICIT_RETAIN_SELF = YES;
				CLANG_WARN_OBJC_LITERAL_CONVERSION = YES;
				CLANG_WARN_OBJC_ROOT_CLASS = YES_ERROR;
				CLANG_WARN_QUOTED_INCLUDE_IN_FRAMEWORK_HEADER = YES;
				CLANG_WARN_RANGE_LOOP_ANALYSIS = YES;
				CLANG_WARN_STRICT_PROTOTYPES = YES;
				CLANG_WARN_SUSPICIOUS_MOVE = YES;
				CLANG_WARN_UNGUARDED_AVAILABILITY = YES_AGGRESSIVE;
				CLANG_WARN_UNREACHABLE_CODE = YES;
				CLANG_WARN__DUPLICATE_METHOD_MATCH = YES;
				COPY_PHASE_STRIP = NO;
				DEBUG_INFORMATION_FORMAT = dwarf;
				ENABLE_STRICT_OBJC_MSGSEND = YES;
				ENABLE_TESTABILITY = YES;
				GCC_C_LANGUAGE_STANDARD = gnu11;
				GCC_DYNAMIC_NO_PIC = NO;
				GCC_NO_COMMON_BLOCKS = YES;
				GCC_OPTIMIZATION_LEVEL = 0;
				GCC_PREPROCESSOR_DEFINITIONS = (
					"DEBUG=1",
					"$(inherited)",
				);
				GCC_WARN_64_TO_32_BIT_CONVERSION = YES;
				GCC_WARN_ABOUT_RETURN_TYPE = YES_ERROR;
				GCC_WARN_UNDECLARED_SELECTOR = YES;
				GCC_WARN_UNINITIALIZED_AUTOS = YES_AGGRESSIVE;
				GCC_WARN_UNUSED_FUNCTION = YES;
				GCC_WARN_UNUSED_VARIABLE = YES;
				IPHONEOS_DEPLOYMENT_TARGET = 15.5;
				MTL_ENABLE_DEBUG_INFO = INCLUDE_SOURCE;
				MTL_FAST_MATH = YES;
				ONLY_ACTIVE_ARCH = YES;
				SDKROOT = iphoneos;
				SWIFT_ACTIVE_COMPILATION_CONDITIONS = DEBUG;
				SWIFT_OPTIMIZATION_LEVEL = "-Onone";
			};
			name = Debug;
		};
		0E2E484128410C40003DC5E9 /* Release */ = {
			isa = XCBuildConfiguration;
			buildSettings = {
				ALWAYS_SEARCH_USER_PATHS = NO;
				CLANG_ANALYZER_NONNULL = YES;
				CLANG_ANALYZER_NUMBER_OBJECT_CONVERSION = YES_AGGRESSIVE;
				CLANG_CXX_LANGUAGE_STANDARD = "gnu++17";
				CLANG_ENABLE_MODULES = YES;
				CLANG_ENABLE_OBJC_ARC = YES;
				CLANG_ENABLE_OBJC_WEAK = YES;
				CLANG_WARN_BLOCK_CAPTURE_AUTORELEASING = YES;
				CLANG_WARN_BOOL_CONVERSION = YES;
				CLANG_WARN_COMMA = YES;
				CLANG_WARN_CONSTANT_CONVERSION = YES;
				CLANG_WARN_DEPRECATED_OBJC_IMPLEMENTATIONS = YES;
				CLANG_WARN_DIRECT_OBJC_ISA_USAGE = YES_ERROR;
				CLANG_WARN_DOCUMENTATION_COMMENTS = YES;
				CLANG_WARN_EMPTY_BODY = YES;
				CLANG_WARN_ENUM_CONVERSION = YES;
				CLANG_WARN_INFINITE_RECURSION = YES;
				CLANG_WARN_INT_CONVERSION = YES;
				CLANG_WARN_NON_LITERAL_NULL_CONVERSION = YES;
				CLANG_WARN_OBJC_IMPLICIT_RETAIN_SELF = YES;
				CLANG_WARN_OBJC_LITERAL_CONVERSION = YES;
				CLANG_WARN_OBJC_ROOT_CLASS = YES_ERROR;
				CLANG_WARN_QUOTED_INCLUDE_IN_FRAMEWORK_HEADER = YES;
				CLANG_WARN_RANGE_LOOP_ANALYSIS = YES;
				CLANG_WARN_STRICT_PROTOTYPES = YES;
				CLANG_WARN_SUSPICIOUS_MOVE = YES;
				CLANG_WARN_UNGUARDED_AVAILABILITY = YES_AGGRESSIVE;
				CLANG_WARN_UNREACHABLE_CODE = YES;
				CLANG_WARN__DUPLICATE_METHOD_MATCH = YES;
				COPY_PHASE_STRIP = NO;
				DEBUG_INFORMATION_FORMAT = "dwarf-with-dsym";
				ENABLE_NS_ASSERTIONS = NO;
				ENABLE_STRICT_OBJC_MSGSEND = YES;
				GCC_C_LANGUAGE_STANDARD = gnu11;
				GCC_NO_COMMON_BLOCKS = YES;
				GCC_WARN_64_TO_32_BIT_CONVERSION = YES;
				GCC_WARN_ABOUT_RETURN_TYPE = YES_ERROR;
				GCC_WARN_UNDECLARED_SELECTOR = YES;
				GCC_WARN_UNINITIALIZED_AUTOS = YES_AGGRESSIVE;
				GCC_WARN_UNUSED_FUNCTION = YES;
				GCC_WARN_UNUSED_VARIABLE = YES;
				IPHONEOS_DEPLOYMENT_TARGET = 15.5;
				MTL_ENABLE_DEBUG_INFO = NO;
				MTL_FAST_MATH = YES;
				SDKROOT = iphoneos;
				SWIFT_COMPILATION_MODE = wholemodule;
				SWIFT_OPTIMIZATION_LEVEL = "-O";
				VALIDATE_PRODUCT = YES;
			};
			name = Release;
		};
		0E2E484328410C40003DC5E9 /* Debug */ = {
			isa = XCBuildConfiguration;
			buildSettings = {
				ASSETCATALOG_COMPILER_APPICON_NAME = AppIcon;
				ASSETCATALOG_COMPILER_GLOBAL_ACCENT_COLOR_NAME = AccentColor;
				CODE_SIGN_STYLE = Automatic;
				CURRENT_PROJECT_VERSION = 1;
				DEVELOPMENT_ASSET_PATHS = "\"SelfCheckout/Preview Content\"";
				DEVELOPMENT_TEAM = 82PUNWTNNQ;
				ENABLE_PREVIEWS = YES;
				GENERATE_INFOPLIST_FILE = YES;
				INFOPLIST_FILE = SelfCheckout/Info.plist;
				INFOPLIST_KEY_UIApplicationSceneManifest_Generation = YES;
				INFOPLIST_KEY_UIApplicationSupportsIndirectInputEvents = YES;
				INFOPLIST_KEY_UILaunchScreen_Generation = YES;
				INFOPLIST_KEY_UISupportedInterfaceOrientations_iPad = "UIInterfaceOrientationPortrait UIInterfaceOrientationPortraitUpsideDown UIInterfaceOrientationLandscapeLeft UIInterfaceOrientationLandscapeRight";
				INFOPLIST_KEY_UISupportedInterfaceOrientations_iPhone = "UIInterfaceOrientationPortrait UIInterfaceOrientationLandscapeLeft UIInterfaceOrientationLandscapeRight";
				LD_RUNPATH_SEARCH_PATHS = (
					"$(inherited)",
					"@executable_path/Frameworks",
				);
				MARKETING_VERSION = 1.0;
				PRODUCT_BUNDLE_IDENTIFIER = com.AmBraighFarm.SelfCheckout;
				PRODUCT_NAME = "$(TARGET_NAME)";
				SWIFT_EMIT_LOC_STRINGS = YES;
				SWIFT_VERSION = 5.0;
				TARGETED_DEVICE_FAMILY = "1,2";
			};
			name = Debug;
		};
		0E2E484428410C40003DC5E9 /* Release */ = {
			isa = XCBuildConfiguration;
			buildSettings = {
				ASSETCATALOG_COMPILER_APPICON_NAME = AppIcon;
				ASSETCATALOG_COMPILER_GLOBAL_ACCENT_COLOR_NAME = AccentColor;
				CODE_SIGN_STYLE = Automatic;
				CURRENT_PROJECT_VERSION = 1;
				DEVELOPMENT_ASSET_PATHS = "\"SelfCheckout/Preview Content\"";
				DEVELOPMENT_TEAM = 82PUNWTNNQ;
				ENABLE_PREVIEWS = YES;
				GENERATE_INFOPLIST_FILE = YES;
				INFOPLIST_FILE = SelfCheckout/Info.plist;
				INFOPLIST_KEY_UIApplicationSceneManifest_Generation = YES;
				INFOPLIST_KEY_UIApplicationSupportsIndirectInputEvents = YES;
				INFOPLIST_KEY_UILaunchScreen_Generation = YES;
				INFOPLIST_KEY_UISupportedInterfaceOrientations_iPad = "UIInterfaceOrientationPortrait UIInterfaceOrientationPortraitUpsideDown UIInterfaceOrientationLandscapeLeft UIInterfaceOrientationLandscapeRight";
				INFOPLIST_KEY_UISupportedInterfaceOrientations_iPhone = "UIInterfaceOrientationPortrait UIInterfaceOrientationLandscapeLeft UIInterfaceOrientationLandscapeRight";
				LD_RUNPATH_SEARCH_PATHS = (
					"$(inherited)",
					"@executable_path/Frameworks",
				);
				MARKETING_VERSION = 1.0;
				PRODUCT_BUNDLE_IDENTIFIER = com.AmBraighFarm.SelfCheckout;
				PRODUCT_NAME = "$(TARGET_NAME)";
				SWIFT_EMIT_LOC_STRINGS = YES;
				SWIFT_VERSION = 5.0;
				TARGETED_DEVICE_FAMILY = "1,2";
			};
			name = Release;
		};
		0E2E484628410C40003DC5E9 /* Debug */ = {
			isa = XCBuildConfiguration;
			buildSettings = {
				ALWAYS_EMBED_SWIFT_STANDARD_LIBRARIES = YES;
				BUNDLE_LOADER = "$(TEST_HOST)";
				CODE_SIGN_STYLE = Automatic;
				CURRENT_PROJECT_VERSION = 1;
				GENERATE_INFOPLIST_FILE = YES;
				IPHONEOS_DEPLOYMENT_TARGET = 15.5;
				MARKETING_VERSION = 1.0;
				PRODUCT_BUNDLE_IDENTIFIER = com.AmBraighFarm.SelfCheckoutTests;
				PRODUCT_NAME = "$(TARGET_NAME)";
				SWIFT_EMIT_LOC_STRINGS = NO;
				SWIFT_VERSION = 5.0;
				TARGETED_DEVICE_FAMILY = "1,2";
				TEST_HOST = "$(BUILT_PRODUCTS_DIR)/SelfCheckout.app/SelfCheckout";
			};
			name = Debug;
		};
		0E2E484728410C40003DC5E9 /* Release */ = {
			isa = XCBuildConfiguration;
			buildSettings = {
				ALWAYS_EMBED_SWIFT_STANDARD_LIBRARIES = YES;
				BUNDLE_LOADER = "$(TEST_HOST)";
				CODE_SIGN_STYLE = Automatic;
				CURRENT_PROJECT_VERSION = 1;
				GENERATE_INFOPLIST_FILE = YES;
				IPHONEOS_DEPLOYMENT_TARGET = 15.5;
				MARKETING_VERSION = 1.0;
				PRODUCT_BUNDLE_IDENTIFIER = com.AmBraighFarm.SelfCheckoutTests;
				PRODUCT_NAME = "$(TARGET_NAME)";
				SWIFT_EMIT_LOC_STRINGS = NO;
				SWIFT_VERSION = 5.0;
				TARGETED_DEVICE_FAMILY = "1,2";
				TEST_HOST = "$(BUILT_PRODUCTS_DIR)/SelfCheckout.app/SelfCheckout";
			};
			name = Release;
		};
		0E2E484928410C40003DC5E9 /* Debug */ = {
			isa = XCBuildConfiguration;
			buildSettings = {
				ALWAYS_EMBED_SWIFT_STANDARD_LIBRARIES = YES;
				CODE_SIGN_STYLE = Automatic;
				CURRENT_PROJECT_VERSION = 1;
				GENERATE_INFOPLIST_FILE = YES;
				MARKETING_VERSION = 1.0;
				PRODUCT_BUNDLE_IDENTIFIER = com.AmBraighFarm.SelfCheckoutUITests;
				PRODUCT_NAME = "$(TARGET_NAME)";
				SWIFT_EMIT_LOC_STRINGS = NO;
				SWIFT_VERSION = 5.0;
				TARGETED_DEVICE_FAMILY = "1,2";
				TEST_TARGET_NAME = SelfCheckout;
			};
			name = Debug;
		};
		0E2E484A28410C40003DC5E9 /* Release */ = {
			isa = XCBuildConfiguration;
			buildSettings = {
				ALWAYS_EMBED_SWIFT_STANDARD_LIBRARIES = YES;
				CODE_SIGN_STYLE = Automatic;
				CURRENT_PROJECT_VERSION = 1;
				GENERATE_INFOPLIST_FILE = YES;
				MARKETING_VERSION = 1.0;
				PRODUCT_BUNDLE_IDENTIFIER = com.AmBraighFarm.SelfCheckoutUITests;
				PRODUCT_NAME = "$(TARGET_NAME)";
				SWIFT_EMIT_LOC_STRINGS = NO;
				SWIFT_VERSION = 5.0;
				TARGETED_DEVICE_FAMILY = "1,2";
				TEST_TARGET_NAME = SelfCheckout;
			};
			name = Release;
		};
/* End XCBuildConfiguration section */

/* Begin XCConfigurationList section */
		0E2E481928410C3F003DC5E9 /* Build configuration list for PBXProject "SelfCheckout" */ = {
			isa = XCConfigurationList;
			buildConfigurations = (
				0E2E484028410C40003DC5E9 /* Debug */,
				0E2E484128410C40003DC5E9 /* Release */,
			);
			defaultConfigurationIsVisible = 0;
			defaultConfigurationName = Release;
		};
		0E2E484228410C40003DC5E9 /* Build configuration list for PBXNativeTarget "SelfCheckout" */ = {
			isa = XCConfigurationList;
			buildConfigurations = (
				0E2E484328410C40003DC5E9 /* Debug */,
				0E2E484428410C40003DC5E9 /* Release */,
			);
			defaultConfigurationIsVisible = 0;
			defaultConfigurationName = Release;
		};
		0E2E484528410C40003DC5E9 /* Build configuration list for PBXNativeTarget "SelfCheckoutTests" */ = {
			isa = XCConfigurationList;
			buildConfigurations = (
				0E2E484628410C40003DC5E9 /* Debug */,
				0E2E484728410C40003DC5E9 /* Release */,
			);
			defaultConfigurationIsVisible = 0;
			defaultConfigurationName = Release;
		};
		0E2E484828410C40003DC5E9 /* Build configuration list for PBXNativeTarget "SelfCheckoutUITests" */ = {
			isa = XCConfigurationList;
			buildConfigurations = (
				0E2E484928410C40003DC5E9 /* Debug */,
				0E2E484A28410C40003DC5E9 /* Release */,
			);
			defaultConfigurationIsVisible = 0;
			defaultConfigurationName = Release;
		};
/* End XCConfigurationList section */

/* Begin XCRemoteSwiftPackageReference section */
		0E2E484B2842F5C3003DC5E9 /* XCRemoteSwiftPackageReference "SquarePointOfSaleSDK-iOS" */ = {
			isa = XCRemoteSwiftPackageReference;
			repositoryURL = "https://github.com/square/SquarePointOfSaleSDK-iOS.git";
			requirement = {
				kind = upToNextMajorVersion;
				minimumVersion = 3.0.0;
			};
		};
/* End XCRemoteSwiftPackageReference section */

/* Begin XCSwiftPackageProductDependency section */
		0E2E484C2842F5C4003DC5E9 /* SquarePointOfSaleSDK */ = {
			isa = XCSwiftPackageProductDependency;
			package = 0E2E484B2842F5C3003DC5E9 /* XCRemoteSwiftPackageReference "SquarePointOfSaleSDK-iOS" */;
			productName = SquarePointOfSaleSDK;
		};
/* End XCSwiftPackageProductDependency section */
	};
	rootObject = 0E2E481628410C3F003DC5E9 /* Project object */;
}
